
Microsoft Visual Studio Solution File, Format Version 12.00
# Visual Studio 15
VisualStudioVersion = 15.0.27703.2018
MinimumVisualStudioVersion = 10.0.40219.1
Project("{FAE04EC0-301F-11D3-BF4B-00C04F79EFBC}") = "nDeathTask", "nDeathTask\nDeathTask.csproj", "{FECBB4B9-31BF-4B60-BCB2-D2F34934912E}"
EndProject
Global
	GlobalSection(SolutionConfigurationPlatforms) = preSolution
		Debug|Any CPU = Debug|Any CPU
		Release|Any CPU = Release|Any CPU
	EndGlobalSection
	GlobalSection(ProjectConfigurationPlatforms) = postSolution
		{FECBB4B9-31BF-4B60-BCB2-D2F34934912E}.Debug|Any CPU.ActiveCfg = Debug|Any CPU
		{FECBB4B9-31BF-4B60-BCB2-D2F34934912E}.Debug|Any CPU.Build.0 = Debug|Any CPU
		{FECBB4B9-31BF-4B60-BCB2-D2F34934912E}.Release|Any CPU.ActiveCfg = Release|Any CPU
		{FECBB4B9-31BF-4B60-BCB2-D2F34934912E}.Release|Any CPU.Build.0 = Release|Any CPU
	EndGlobalSection
	GlobalSection(SolutionProperties) = preSolution
		HideSolutionNode = FALSE
	EndGlobalSection
	GlobalSection(ExtensibilityGlobals) = postSolution
		SolutionGuid = {45F91B4F-FF45-42C3-BB92-8B4E9A60F87C}
	EndGlobalSection
EndGlobal
